// !$*UTF8*$!
{
	archiveVersion = 1;
	classes = {
	};
	objectVersion = 50;
	objects = {

/* Begin PBXBuildFile section */
		94EAFED0211D8B5B00DA0729 /* AppDelegate.swift in Sources */ = {isa = PBXBuildFile; fileRef = 94EAFECF211D8B5B00DA0729 /* AppDelegate.swift */; };
		94EAFED2211D8B5C00DA0729 /* ViewController.swift in Sources */ = {isa = PBXBuildFile; fileRef = 94EAFED1211D8B5C00DA0729 /* ViewController.swift */; };
		94EAFED5211D8B5C00DA0729 /* Main.storyboard in Resources */ = {isa = PBXBuildFile; fileRef = 94EAFED3211D8B5C00DA0729 /* Main.storyboard */; };
		94EAFED7211D8B6100DA0729 /* Assets.xcassets in Resources */ = {isa = PBXBuildFile; fileRef = 94EAFED6211D8B6100DA0729 /* Assets.xcassets */; };
		94EAFEDA211D8B6100DA0729 /* LaunchScreen.storyboard in Resources */ = {isa = PBXBuildFile; fileRef = 94EAFED8211D8B6100DA0729 /* LaunchScreen.storyboard */; };
		94EAFEE2211D8B9E00DA0729 /* CodeView.swift in Sources */ = {isa = PBXBuildFile; fileRef = 94EAFEE1211D8B9E00DA0729 /* CodeView.swift */; };
		94EAFEE4211D8BB100DA0729 /* AsunBasicAttributes.swift in Sources */ = {isa = PBXBuildFile; fileRef = 94EAFEE3211D8BB100DA0729 /* AsunBasicAttributes.swift */; };
/* End PBXBuildFile section */

/* Begin PBXFileReference section */
		94EAFECC211D8B5B00DA0729 /* VerificationCode.app */ = {isa = PBXFileReference; explicitFileType = wrapper.application; includeInIndex = 0; path = VerificationCode.app; sourceTree = BUILT_PRODUCTS_DIR; };
		94EAFECF211D8B5B00DA0729 /* AppDelegate.swift */ = {isa = PBXFileReference; lastKnownFileType = sourcecode.swift; path = AppDelegate.swift; sourceTree = "<group>"; };
		94EAFED1211D8B5C00DA0729 /* ViewController.swift */ = {isa = PBXFileReference; lastKnownFileType = sourcecode.swift; path = ViewController.swift; sourceTree = "<group>"; };
		94EAFED4211D8B5C00DA0729 /* Base */ = {isa = PBXFileReference; lastKnownFileType = file.storyboard; name = Base; path = Base.lproj/Main.storyboard; sourceTree = "<group>"; };
		94EAFED6211D8B6100DA0729 /* Assets.xcassets */ = {isa = PBXFileReference; lastKnownFileType = folder.assetcatalog; path = Assets.xcassets; sourceTree = "<group>"; };
		94EAFED9211D8B6100DA0729 /* Base */ = {isa = PBXFileReference; lastKnownFileType = file.storyboard; name = Base; path = Base.lproj/LaunchScreen.storyboard; sourceTree = "<group>"; };
		94EAFEDB211D8B6100DA0729 /* Info.plist */ = {isa = PBXFileReference; lastKnownFileType = text.plist.xml; path = Info.plist; sourceTree = "<group>"; };
		94EAFEE1211D8B9E00DA0729 /* CodeView.swift */ = {isa = PBXFileReference; lastKnownFileType = sourcecode.swift; path = CodeView.swift; sourceTree = "<group>"; };
		94EAFEE3211D8BB100DA0729 /* AsunBasicAttributes.swift */ = {isa = PBXFileReference; lastKnownFileType = sourcecode.swift; path = AsunBasicAttributes.swift; sourceTree = "<group>"; };
/* End PBXFileReference section */

/* Begin PBXFrameworksBuildPhase section */
		94EAFEC9211D8B5B00DA0729 /* Frameworks */ = {
			isa = PBXFrameworksBuildPhase;
			buildActionMask = 2147483647;
			files = (
			);
			runOnlyForDeploymentPostprocessing = 0;
		};
/* End PBXFrameworksBuildPhase section */

/* Begin PBXGroup section */
		94EAFEC3211D8B5B00DA0729 = {
			isa = PBXGroup;
			children = (
				94EAFECE211D8B5B00DA0729 /* VerificationCode */,
				94EAFECD211D8B5B00DA0729 /* Products */,
			);
			sourceTree = "<group>";
		};
		94EAFECD211D8B5B00DA0729 /* Products */ = {
			isa = PBXGroup;
			children = (
				94EAFECC211D8B5B00DA0729 /* VerificationCode.app */,
			);
			name = Products;
			sourceTree = "<group>";
		};
		94EAFECE211D8B5B00DA0729 /* VerificationCode */ = {
			isa = PBXGroup;
			children = (
				94EAFECF211D8B5B00DA0729 /* AppDelegate.swift */,
				94EAFED1211D8B5C00DA0729 /* ViewController.swift */,
				94EAFEE1211D8B9E00DA0729 /* CodeView.swift */,
				94EAFEE3211D8BB100DA0729 /* AsunBasicAttributes.swift */,
				94EAFED3211D8B5C00DA0729 /* Main.storyboard */,
				94EAFED6211D8B6100DA0729 /* Assets.xcassets */,
				94EAFED8211D8B6100DA0729 /* LaunchScreen.storyboard */,
				94EAFEDB211D8B6100DA0729 /* Info.plist */,
			);
			path = VerificationCode;
			sourceTree = "<group>";
		};
/* End PBXGroup section */

/* Begin PBXNativeTarget section */
		94EAFECB211D8B5B00DA0729 /* VerificationCode */ = {
			isa = PBXNativeTarget;
			buildConfigurationList = 94EAFEDE211D8B6100DA0729 /* Build configuration list for PBXNativeTarget "VerificationCode" */;
			buildPhases = (
				94EAFEC8211D8B5B00DA0729 /* Sources */,
				94EAFEC9211D8B5B00DA0729 /* Frameworks */,
				94EAFECA211D8B5B00DA0729 /* Resources */,
			);
			buildRules = (
			);
			dependencies = (
			);
			name = VerificationCode;
			productName = VerificationCode;
			productReference = 94EAFECC211D8B5B00DA0729 /* VerificationCode.app */;
			productType = "com.apple.product-type.application";
		};
/* End PBXNativeTarget section */

/* Begin PBXProject section */
		94EAFEC4211D8B5B00DA0729 /* Project object */ = {
			isa = PBXProject;
			attributes = {
				LastSwiftUpdateCheck = 0940;
				LastUpgradeCheck = 0940;
				ORGANIZATIONNAME = Asun;
				TargetAttributes = {
					94EAFECB211D8B5B00DA0729 = {
						CreatedOnToolsVersion = 9.4.1;
					};
				};
			};
			buildConfigurationList = 94EAFEC7211D8B5B00DA0729 /* Build configuration list for PBXProject "VerificationCode" */;
			compatibilityVersion = "Xcode 9.3";
			developmentRegion = en;
			hasScannedForEncodings = 0;
			knownRegions = (
				en,
				Base,
			);
			mainGroup = 94EAFEC3211D8B5B00DA0729;
			productRefGroup = 94EAFECD211D8B5B00DA0729 /* Products */;
			projectDirPath = "";
			projectRoot = "";
			targets = (
				94EAFECB211D8B5B00DA0729 /* VerificationCode */,
			);
		};
/* End PBXProject section */

/* Begin PBXResourcesBuildPhase section */
		94EAFECA211D8B5B00DA0729 /* Resources */ = {
			isa = PBXResourcesBuildPhase;
			buildActionMask = 2147483647;
			files = (
				94EAFEDA211D8B6100DA0729 /* LaunchScreen.storyboard in Resources */,
				94EAFED7211D8B6100DA0729 /* Assets.xcassets in Resources */,
				94EAFED5211D8B5C00DA0729 /* Main.storyboard in Resources */,
			);
			runOnlyForDeploymentPostprocessing = 0;
		};
/* End PBXResourcesBuildPhase section */

/* Begin PBXSourcesBuildPhase section */
		94EAFEC8211D8B5B00DA0729 /* Sources */ = {
			isa = PBXSourcesBuildPhase;
			buildActionMask = 2147483647;
			files = (
				94EAFEE4211D8BB100DA0729 /* AsunBasicAttributes.swift in Sources */,
				94EAFEE2211D8B9E00DA0729 /* CodeView.swift in Sources */,
				94EAFED2211D8B5C00DA0729 /* ViewController.swift in Sources */,
				94EAFED0211D8B5B00DA0729 /* AppDelegate.swift in Sources */,
			);
			runOnlyForDeploymentPostprocessing = 0;
		};
/* End PBXSourcesBuildPhase section */

/* Begin PBXVariantGroup section */
		94EAFED3211D8B5C00DA0729 /* Main.storyboard */ = {
			isa = PBXVariantGroup;
			children = (
				94EAFED4211D8B5C00DA0729 /* Base */,
			);
			name = Main.storyboard;
			sourceTree = "<group>";
		};
		94EAFED8211D8B6100DA0729 /* LaunchScreen.storyboard */ = {
			isa = PBXVariantGroup;
			children = (
				94EAFED9211D8B6100DA0729 /* Base */,
			);
			name = LaunchScreen.storyboard;
			sourceTree = "<group>";
		};
/* End PBXVariantGroup section */

/* Begin XCBuildConfiguration section */
		94EAFEDC211D8B6100DA0729 /* Debug */ = {
			isa = XCBuildConfiguration;
			buildSettings = {
				ALWAYS_SEARCH_USER_PATHS = NO;
				CLANG_ANALYZER_NONNULL = YES;
				CLANG_ANALYZER_NUMBER_OBJECT_CONVERSION = YES_AGGRESSIVE;
				CLANG_CXX_LANGUAGE_STANDARD = "gnu++14";
				CLANG_CXX_LIBRARY = "libc++";
				CLANG_ENABLE_MODULES = YES;
				CLANG_ENABLE_OBJC_ARC = YES;
				CLANG_ENABLE_OBJC_WEAK = YES;
				CLANG_WARN_BLOCK_CAPTURE_AUTORELEASING = YES;
				CLANG_WARN_BOOL_CONVERSION = YES;
				CLANG_WARN_COMMA = YES;
				CLANG_WARN_CONSTANT_CONVERSION = YES;
				CLANG_WARN_DEPRECATED_OBJC_IMPLEMENTATIONS = YES;
				CLANG_WARN_DIRECT_OBJC_ISA_USAGE = YES_ERROR;
				CLANG_WARN_DOCUMENTATION_COMMENTS = YES;
				CLANG_WARN_EMPTY_BODY = YES;
				CLANG_WARN_ENUM_CONVERSION = YES;
				CLANG_WARN_INFINITE_RECURSION = YES;
				CLANG_WARN_INT_CONVERSION = YES;
				CLANG_WARN_NON_LITERAL_NULL_CONVERSION = YES;
				CLANG_WARN_OBJC_IMPLICIT_RETAIN_SELF = YES;
				CLANG_WARN_OBJC_LITERAL_CONVERSION = YES;
				CLANG_WARN_OBJC_ROOT_CLASS = YES_ERROR;
				CLANG_WARN_RANGE_LOOP_ANALYSIS = YES;
				CLANG_WARN_STRICT_PROTOTYPES = YES;
				CLANG_WARN_SUSPICIOUS_MOVE = YES;
				CLANG_WARN_UNGUARDED_AVAILABILITY = YES_AGGRESSIVE;
				CLANG_WARN_UNREACHABLE_CODE = YES;
				CLANG_WARN__DUPLICATE_METHOD_MATCH = YES;
				CODE_SIGN_IDENTITY = "iPhone Developer";
				COPY_PHASE_STRIP = NO;
				DEBUG_INFORMATION_FORMAT = dwarf;
				ENABLE_STRICT_OBJC_MSGSEND = YES;
				ENABLE_TESTABILITY = YES;
				GCC_C_LANGUAGE_STANDARD = gnu11;
				GCC_DYNAMIC_NO_PIC = NO;
				GCC_NO_COMMON_BLOCKS = YES;
				GCC_OPTIMIZATION_LEVEL = 0;
				GCC_PREPROCESSOR_DEFINITIONS = (
					"DEBUG=1",
					"$(inherited)",
				);
				GCC_WARN_64_TO_32_BIT_CONVERSION = YES;
				GCC_WARN_ABOUT_RETURN_TYPE = YES_ERROR;
				GCC_WARN_UNDECLARED_SELECTOR = YES;
				GCC_WARN_UNINITIALIZED_AUTOS = YES_AGGRESSIVE;
				GCC_WARN_UNUSED_FUNCTION = YES;
				GCC_WARN_UNUSED_VARIABLE = YES;
				IPHONEOS_DEPLOYMENT_TARGET = 11.4;
				MTL_ENABLE_DEBUG_INFO = YES;
				ONLY_ACTIVE_ARCH = YES;
				SDKROOT = iphoneos;
				SWIFT_ACTIVE_COMPILATION_CONDITIONS = DEBUG;
				SWIFT_OPTIMIZATION_LEVEL = "-Onone";
			};
			name = Debug;
		};
		94EAFEDD211D8B6100DA0729 /* Release */ = {
			isa = XCBuildConfiguration;
			buildSettings = {
				ALWAYS_SEARCH_USER_PATHS = NO;
				CLANG_ANALYZER_NONNULL = YES;
				CLANG_ANALYZER_NUMBER_OBJECT_CONVERSION = YES_AGGRESSIVE;
				CLANG_CXX_LANGUAGE_STANDARD = "gnu++14";
				CLANG_CXX_LIBRARY = "libc++";
				CLANG_ENABLE_MODULES = YES;
				CLANG_ENABLE_OBJC_ARC = YES;
				CLANG_ENABLE_OBJC_WEAK = YES;
				CLANG_WARN_BLOCK_CAPTURE_AUTORELEASING = YES;
				CLANG_WARN_BOOL_CONVERSION = YES;
				CLANG_WARN_COMMA = YES;
				CLANG_WARN_CONSTANT_CONVERSION = YES;
				CLANG_WARN_DEPRECATED_OBJC_IMPLEMENTATIONS = YES;
				CLANG_WARN_DIRECT_OBJC_ISA_USAGE = YES_ERROR;
				CLANG_WARN_DOCUMENTATION_COMMENTS = YES;
				CLANG_WARN_EMPTY_BODY = YES;
				CLANG_WARN_ENUM_CONVERSION = YES;
				CLANG_WARN_INFINITE_RECURSION = YES;
				CLANG_WARN_INT_CONVERSION = YES;
				CLANG_WARN_NON_LITERAL_NULL_CONVERSION = YES;
				CLANG_WARN_OBJC_IMPLICIT_RETAIN_SELF = YES;
				CLANG_WARN_OBJC_LITERAL_CONVERSION = YES;
				CLANG_WARN_OBJC_ROOT_CLASS = YES_ERROR;
				CLANG_WARN_RANGE_LOOP_ANALYSIS = YES;
				CLANG_WARN_STRICT_PROTOTYPES = YES;
				CLANG_WARN_SUSPICIOUS_MOVE = YES;
				CLANG_WARN_UNGUARDED_AVAILABILITY = YES_AGGRESSIVE;
				CLANG_WARN_UNREACHABLE_CODE = YES;
				CLANG_WARN__DUPLICATE_METHOD_MATCH = YES;
				CODE_SIGN_IDENTITY = "iPhone Developer";
				COPY_PHASE_STRIP = NO;
				DEBUG_INFORMATION_FORMAT = "dwarf-with-dsym";
				ENABLE_NS_ASSERTIONS = NO;
				ENABLE_STRICT_OBJC_MSGSEND = YES;
				GCC_C_LANGUAGE_STANDARD = gnu11;
				GCC_NO_COMMON_BLOCKS = YES;
				GCC_WARN_64_TO_32_BIT_CONVERSION = YES;
				GCC_WARN_ABOUT_RETURN_TYPE = YES_ERROR;
				GCC_WARN_UNDECLARED_SELECTOR = YES;
				GCC_WARN_UNINITIALIZED_AUTOS = YES_AGGRESSIVE;
				GCC_WARN_UNUSED_FUNCTION = YES;
				GCC_WARN_UNUSED_VARIABLE = YES;
				IPHONEOS_DEPLOYMENT_TARGET = 11.4;
				MTL_ENABLE_DEBUG_INFO = NO;
				SDKROOT = iphoneos;
				SWIFT_COMPILATION_MODE = wholemodule;
				SWIFT_OPTIMIZATION_LEVEL = "-O";
				VALIDATE_PRODUCT = YES;
			};
			name = Release;
		};
		94EAFEDF211D8B6100DA0729 /* Debug */ = {
			isa = XCBuildConfiguration;
			buildSettings = {
				ASSETCATALOG_COMPILER_APPICON_NAME = AppIcon;
				CODE_SIGN_STYLE = Automatic;
				DEVELOPMENT_TEAM = "";
				INFOPLIST_FILE = VerificationCode/Info.plist;
				LD_RUNPATH_SEARCH_PATHS = (
					"$(inherited)",
					"@executable_path/Frameworks",
				);
				PRODUCT_BUNDLE_IDENTIFIER = BecomeRich.VerificationCode;
				PRODUCT_NAME = "$(TARGET_NAME)";
				SWIFT_VERSION = 4.0;
				TARGETED_DEVICE_FAMILY = "1,2";
			};
			name = Debug;
		};
		94EAFEE0211D8B6100DA0729 /* Release */ = {
			isa = XCBuildConfiguration;
			buildSettings = {
				ASSETCATALOG_COMPILER_APPICON_NAME = AppIcon;
				CODE_SIGN_STYLE = Automatic;
				DEVELOPMENT_TEAM = "";
				INFOPLIST_FILE = VerificationCode/Info.plist;
				LD_RUNPATH_SEARCH_PATHS = (
					"$(inherited)",
					"@executable_path/Frameworks",
				);
				PRODUCT_BUNDLE_IDENTIFIER = BecomeRich.VerificationCode;
				PRODUCT_NAME = "$(TARGET_NAME)";
				SWIFT_VERSION = 4.0;
				TARGETED_DEVICE_FAMILY = "1,2";
			};
			name = Release;
		};
/* End XCBuildConfiguration section */

/* Begin XCConfigurationList section */
		94EAFEC7211D8B5B00DA0729 /* Build configuration list for PBXProject "VerificationCode" */ = {
			isa = XCConfigurationList;
			buildConfigurations = (
				94EAFEDC211D8B6100DA0729 /* Debug */,
				94EAFEDD211D8B6100DA0729 /* Release */,
			);
			defaultConfigurationIsVisible = 0;
			defaultConfigurationName = Release;
		};
		94EAFEDE211D8B6100DA0729 /* Build configuration list for PBXNativeTarget "VerificationCode" */ = {
			isa = XCConfigurationList;
			buildConfigurations = (
				94EAFEDF211D8B6100DA0729 /* Debug */,
				94EAFEE0211D8B6100DA0729 /* Release */,
			);
			defaultConfigurationIsVisible = 0;
			defaultConfigurationName = Release;
		};
/* End XCConfigurationList section */
	};
	rootObject = 94EAFEC4211D8B5B00DA0729 /* Project object */;
}
